
Microsoft Visual Studio Solution File, Format Version 12.00
# Visual Studio Version 16
VisualStudioVersion = 16.0.30611.23
MinimumVisualStudioVersion = 10.0.40219.1
Project("{FAE04EC0-301F-11D3-BF4B-00C04F79EFBC}") = "Vasmegye", "Vasmegye.csproj", "{46BAD26E-CB8A-4224-83FD-2B60ABACA73C}"
EndProject
Global
	GlobalSection(SolutionConfigurationPlatforms) = preSolution
		Debug|Any CPU = Debug|Any CPU
		Release|Any CPU = Release|Any CPU
	EndGlobalSection
	GlobalSection(ProjectConfigurationPlatforms) = postSolution
		{46BAD26E-CB8A-4224-83FD-2B60ABACA73C}.Debug|Any CPU.ActiveCfg = Debug|Any CPU
		{46BAD26E-CB8A-4224-83FD-2B60ABACA73C}.Debug|Any CPU.Build.0 = Debug|Any CPU
		{46BAD26E-CB8A-4224-83FD-2B60ABACA73C}.Release|Any CPU.ActiveCfg = Release|Any CPU
		{46BAD26E-CB8A-4224-83FD-2B60ABACA73C}.Release|Any CPU.Build.0 = Release|Any CPU
	EndGlobalSection
	GlobalSection(SolutionProperties) = preSolution
		HideSolutionNode = FALSE
	EndGlobalSection
	GlobalSection(ExtensibilityGlobals) = postSolution
		SolutionGuid = {4398CE51-9FC0-4651-AB58-DDCB96309AEB}
	EndGlobalSection
EndGlobal
